
Microsoft Visual Studio Solution File, Format Version 12.00
# Visual Studio Version 17
VisualStudioVersion = 17.8.34309.116
MinimumVisualStudioVersion = 10.0.40219.1
Project("{FAE04EC0-301F-11D3-BF4B-00C04F79EFBC}") = "Hangman", "Hangman.csproj", "{DA4708B4-79F0-4737-A9E3-838A84CE1E84}"
EndProject
Global
	GlobalSection(SolutionConfigurationPlatforms) = preSolution
		Debug|Any CPU = Debug|Any CPU
		Release|Any CPU = Release|Any CPU
	EndGlobalSection
	GlobalSection(ProjectConfigurationPlatforms) = postSolution
		{DA4708B4-79F0-4737-A9E3-838A84CE1E84}.Debug|Any CPU.ActiveCfg = Debug|Any CPU
		{DA4708B4-79F0-4737-A9E3-838A84CE1E84}.Debug|Any CPU.Build.0 = Debug|Any CPU
		{DA4708B4-79F0-4737-A9E3-838A84CE1E84}.Release|Any CPU.ActiveCfg = Release|Any CPU
		{DA4708B4-79F0-4737-A9E3-838A84CE1E84}.Release|Any CPU.Build.0 = Release|Any CPU
	EndGlobalSection
	GlobalSection(SolutionProperties) = preSolution
		HideSolutionNode = FALSE
	EndGlobalSection
	GlobalSection(ExtensibilityGlobals) = postSolution
		SolutionGuid = {F6711AF8-45AB-40D4-BC93-A27C77AED046}
	EndGlobalSection
EndGlobal
